
Microsoft Visual Studio Solution File, Format Version 12.00
# Visual Studio Version 16
VisualStudioVersion = 16.0.31624.102
MinimumVisualStudioVersion = 10.0.40219.1
Project("{FAE04EC0-301F-11D3-BF4B-00C04F79EFBC}") = "SubscriptionsManager", "SubscriptionsManager\SubscriptionsManager.csproj", "{667E29A9-8D91-4145-8496-11D9D6553E6A}"
EndProject
Global
	GlobalSection(SolutionConfigurationPlatforms) = preSolution
		Debug|Any CPU = Debug|Any CPU
		Release|Any CPU = Release|Any CPU
	EndGlobalSection
	GlobalSection(ProjectConfigurationPlatforms) = postSolution
		{667E29A9-8D91-4145-8496-11D9D6553E6A}.Debug|Any CPU.ActiveCfg = Debug|Any CPU
		{667E29A9-8D91-4145-8496-11D9D6553E6A}.Debug|Any CPU.Build.0 = Debug|Any CPU
		{667E29A9-8D91-4145-8496-11D9D6553E6A}.Release|Any CPU.ActiveCfg = Release|Any CPU
		{667E29A9-8D91-4145-8496-11D9D6553E6A}.Release|Any CPU.Build.0 = Release|Any CPU
	EndGlobalSection
	GlobalSection(SolutionProperties) = preSolution
		HideSolutionNode = FALSE
	EndGlobalSection
	GlobalSection(ExtensibilityGlobals) = postSolution
		SolutionGuid = {1C7D068B-2829-4CD8-A79E-E706A633FAF1}
	EndGlobalSection
EndGlobal
